
Microsoft Visual Studio Solution File, Format Version 12.00
# Visual Studio Version 16
VisualStudioVersion = 16.0.30907.101
MinimumVisualStudioVersion = 10.0.40219.1
Project("{FAE04EC0-301F-11D3-BF4B-00C04F79EFBC}") = "Planet", "Planet.csproj", "{E64C622C-39AA-4483-AFA9-1C1D18E0A38B}"
EndProject
Global
	GlobalSection(SolutionConfigurationPlatforms) = preSolution
		Debug|Any CPU = Debug|Any CPU
		Release|Any CPU = Release|Any CPU
	EndGlobalSection
	GlobalSection(ProjectConfigurationPlatforms) = postSolution
		{E64C622C-39AA-4483-AFA9-1C1D18E0A38B}.Debug|Any CPU.ActiveCfg = Debug|Any CPU
		{E64C622C-39AA-4483-AFA9-1C1D18E0A38B}.Debug|Any CPU.Build.0 = Debug|Any CPU
		{E64C622C-39AA-4483-AFA9-1C1D18E0A38B}.Release|Any CPU.ActiveCfg = Release|Any CPU
		{E64C622C-39AA-4483-AFA9-1C1D18E0A38B}.Release|Any CPU.Build.0 = Release|Any CPU
	EndGlobalSection
	GlobalSection(SolutionProperties) = preSolution
		HideSolutionNode = FALSE
	EndGlobalSection
	GlobalSection(ExtensibilityGlobals) = postSolution
		SolutionGuid = {1858661D-8420-4E96-88FB-00CC8F9A0ABD}
	EndGlobalSection
EndGlobal
